
Microsoft Visual Studio Solution File, Format Version 12.00
# Visual Studio 15
VisualStudioVersion = 15.0.28307.960
MinimumVisualStudioVersion = 10.0.40219.1
Project("{FAE04EC0-301F-11D3-BF4B-00C04F79EFBC}") = "Senai.Peoples.WebApi", "Senai.Peoples.WebApi\Senai.Peoples.WebApi.csproj", "{312A8B64-83C8-415D-BEE8-6C024BA81E8A}"
EndProject
Global
	GlobalSection(SolutionConfigurationPlatforms) = preSolution
		Debug|Any CPU = Debug|Any CPU
		Release|Any CPU = Release|Any CPU
	EndGlobalSection
	GlobalSection(ProjectConfigurationPlatforms) = postSolution
		{312A8B64-83C8-415D-BEE8-6C024BA81E8A}.Debug|Any CPU.ActiveCfg = Debug|Any CPU
		{312A8B64-83C8-415D-BEE8-6C024BA81E8A}.Debug|Any CPU.Build.0 = Debug|Any CPU
		{312A8B64-83C8-415D-BEE8-6C024BA81E8A}.Release|Any CPU.ActiveCfg = Release|Any CPU
		{312A8B64-83C8-415D-BEE8-6C024BA81E8A}.Release|Any CPU.Build.0 = Release|Any CPU
	EndGlobalSection
	GlobalSection(SolutionProperties) = preSolution
		HideSolutionNode = FALSE
	EndGlobalSection
	GlobalSection(ExtensibilityGlobals) = postSolution
		SolutionGuid = {0F5707D1-5185-4588-9975-089D5F30CE96}
	EndGlobalSection
EndGlobal
